
Microsoft Visual Studio Solution File, Format Version 12.00
# Visual Studio Version 17
VisualStudioVersion = 17.6.33829.357
MinimumVisualStudioVersion = 10.0.40219.1
Project("{9A19103F-16F7-4668-BE54-9A1E7A4F7556}") = "congestion-tax-calculator-net-core", "congestion-tax-calculator-net-core.csproj", "{62CB91FC-5B4F-460B-81FD-9E89C5A51B90}"
EndProject
Global
	GlobalSection(SolutionConfigurationPlatforms) = preSolution
		Debug|Any CPU = Debug|Any CPU
		Release|Any CPU = Release|Any CPU
	EndGlobalSection
	GlobalSection(ProjectConfigurationPlatforms) = postSolution
		{62CB91FC-5B4F-460B-81FD-9E89C5A51B90}.Debug|Any CPU.ActiveCfg = Debug|Any CPU
		{62CB91FC-5B4F-460B-81FD-9E89C5A51B90}.Debug|Any CPU.Build.0 = Debug|Any CPU
		{62CB91FC-5B4F-460B-81FD-9E89C5A51B90}.Release|Any CPU.ActiveCfg = Release|Any CPU
		{62CB91FC-5B4F-460B-81FD-9E89C5A51B90}.Release|Any CPU.Build.0 = Release|Any CPU
	EndGlobalSection
	GlobalSection(SolutionProperties) = preSolution
		HideSolutionNode = FALSE
	EndGlobalSection
	GlobalSection(ExtensibilityGlobals) = postSolution
		SolutionGuid = {CC051B0A-EB02-4258-A63B-71435E0AAC82}
	EndGlobalSection
EndGlobal
